
Microsoft Visual Studio Solution File, Format Version 12.00
# Visual Studio 15
VisualStudioVersion = 15.0.28307.852
MinimumVisualStudioVersion = 10.0.40219.1
Project("{FAE04EC0-301F-11D3-BF4B-00C04F79EFBC}") = "DentalImaging", "DentalImaging\DentalImaging.csproj", "{DC08EDB8-CBEB-44A0-8928-C5B42EBBB2D5}"
EndProject
Project("{FAE04EC0-301F-11D3-BF4B-00C04F79EFBC}") = "RegisterKey", "RegisterKey\RegisterKey.csproj", "{F36171E4-68BA-4019-B9FC-605EFCC3C5B3}"
EndProject
Global
	GlobalSection(SolutionConfigurationPlatforms) = preSolution
		CD_ROM|Any CPU = CD_ROM|Any CPU
		CD_ROM|x86 = CD_ROM|x86
		Debug|Any CPU = Debug|Any CPU
		Debug|x86 = Debug|x86
		DVD-5|Any CPU = DVD-5|Any CPU
		DVD-5|x86 = DVD-5|x86
		Release|Any CPU = Release|Any CPU
		Release|x86 = Release|x86
		SingleImage|Any CPU = SingleImage|Any CPU
		SingleImage|x86 = SingleImage|x86
	EndGlobalSection
	GlobalSection(ProjectConfigurationPlatforms) = postSolution
		{DC08EDB8-CBEB-44A0-8928-C5B42EBBB2D5}.CD_ROM|Any CPU.ActiveCfg = Release|Any CPU
		{DC08EDB8-CBEB-44A0-8928-C5B42EBBB2D5}.CD_ROM|Any CPU.Build.0 = Release|Any CPU
		{DC08EDB8-CBEB-44A0-8928-C5B42EBBB2D5}.CD_ROM|x86.ActiveCfg = Release|x86
		{DC08EDB8-CBEB-44A0-8928-C5B42EBBB2D5}.CD_ROM|x86.Build.0 = Release|x86
		{DC08EDB8-CBEB-44A0-8928-C5B42EBBB2D5}.Debug|Any CPU.ActiveCfg = Debug|Any CPU
		{DC08EDB8-CBEB-44A0-8928-C5B42EBBB2D5}.Debug|Any CPU.Build.0 = Debug|Any CPU
		{DC08EDB8-CBEB-44A0-8928-C5B42EBBB2D5}.Debug|x86.ActiveCfg = Debug|x86
		{DC08EDB8-CBEB-44A0-8928-C5B42EBBB2D5}.Debug|x86.Build.0 = Debug|x86
		{DC08EDB8-CBEB-44A0-8928-C5B42EBBB2D5}.DVD-5|Any CPU.ActiveCfg = Debug|Any CPU
		{DC08EDB8-CBEB-44A0-8928-C5B42EBBB2D5}.DVD-5|Any CPU.Build.0 = Debug|Any CPU
		{DC08EDB8-CBEB-44A0-8928-C5B42EBBB2D5}.DVD-5|x86.ActiveCfg = Debug|x86
		{DC08EDB8-CBEB-44A0-8928-C5B42EBBB2D5}.DVD-5|x86.Build.0 = Debug|x86
		{DC08EDB8-CBEB-44A0-8928-C5B42EBBB2D5}.Release|Any CPU.ActiveCfg = Release|Any CPU
		{DC08EDB8-CBEB-44A0-8928-C5B42EBBB2D5}.Release|Any CPU.Build.0 = Release|Any CPU
		{DC08EDB8-CBEB-44A0-8928-C5B42EBBB2D5}.Release|x86.ActiveCfg = Release|x86
		{DC08EDB8-CBEB-44A0-8928-C5B42EBBB2D5}.Release|x86.Build.0 = Release|x86
		{DC08EDB8-CBEB-44A0-8928-C5B42EBBB2D5}.SingleImage|Any CPU.ActiveCfg = Release|Any CPU
		{DC08EDB8-CBEB-44A0-8928-C5B42EBBB2D5}.SingleImage|Any CPU.Build.0 = Release|Any CPU
		{DC08EDB8-CBEB-44A0-8928-C5B42EBBB2D5}.SingleImage|x86.ActiveCfg = Release|x86
		{DC08EDB8-CBEB-44A0-8928-C5B42EBBB2D5}.SingleImage|x86.Build.0 = Release|x86
		{F36171E4-68BA-4019-B9FC-605EFCC3C5B3}.CD_ROM|Any CPU.ActiveCfg = Release|Any CPU
		{F36171E4-68BA-4019-B9FC-605EFCC3C5B3}.CD_ROM|Any CPU.Build.0 = Release|Any CPU
		{F36171E4-68BA-4019-B9FC-605EFCC3C5B3}.CD_ROM|x86.ActiveCfg = Release|Any CPU
		{F36171E4-68BA-4019-B9FC-605EFCC3C5B3}.CD_ROM|x86.Build.0 = Release|Any CPU
		{F36171E4-68BA-4019-B9FC-605EFCC3C5B3}.Debug|Any CPU.ActiveCfg = Debug|Any CPU
		{F36171E4-68BA-4019-B9FC-605EFCC3C5B3}.Debug|Any CPU.Build.0 = Debug|Any CPU
		{F36171E4-68BA-4019-B9FC-605EFCC3C5B3}.Debug|x86.ActiveCfg = Debug|Any CPU
		{F36171E4-68BA-4019-B9FC-605EFCC3C5B3}.Debug|x86.Build.0 = Debug|Any CPU
		{F36171E4-68BA-4019-B9FC-605EFCC3C5B3}.DVD-5|Any CPU.ActiveCfg = Debug|Any CPU
		{F36171E4-68BA-4019-B9FC-605EFCC3C5B3}.DVD-5|Any CPU.Build.0 = Debug|Any CPU
		{F36171E4-68BA-4019-B9FC-605EFCC3C5B3}.DVD-5|x86.ActiveCfg = Debug|Any CPU
		{F36171E4-68BA-4019-B9FC-605EFCC3C5B3}.DVD-5|x86.Build.0 = Debug|Any CPU
		{F36171E4-68BA-4019-B9FC-605EFCC3C5B3}.Release|Any CPU.ActiveCfg = Release|Any CPU
		{F36171E4-68BA-4019-B9FC-605EFCC3C5B3}.Release|Any CPU.Build.0 = Release|Any CPU
		{F36171E4-68BA-4019-B9FC-605EFCC3C5B3}.Release|x86.ActiveCfg = Release|Any CPU
		{F36171E4-68BA-4019-B9FC-605EFCC3C5B3}.Release|x86.Build.0 = Release|Any CPU
		{F36171E4-68BA-4019-B9FC-605EFCC3C5B3}.SingleImage|Any CPU.ActiveCfg = Release|Any CPU
		{F36171E4-68BA-4019-B9FC-605EFCC3C5B3}.SingleImage|Any CPU.Build.0 = Release|Any CPU
		{F36171E4-68BA-4019-B9FC-605EFCC3C5B3}.SingleImage|x86.ActiveCfg = Release|Any CPU
		{F36171E4-68BA-4019-B9FC-605EFCC3C5B3}.SingleImage|x86.Build.0 = Release|Any CPU
	EndGlobalSection
	GlobalSection(SolutionProperties) = preSolution
		HideSolutionNode = FALSE
	EndGlobalSection
	GlobalSection(ExtensibilityGlobals) = postSolution
		SolutionGuid = {50B3282E-0B3D-43FA-B2FE-1B04320D37EA}
	EndGlobalSection
EndGlobal
